// !$*UTF8*$!
{
	archiveVersion = 1;
	classes = {
	};
	objectVersion = 50;
	objects = {

/* Begin PBXBuildFile section */
		FA1F19972086EEC100F1E106 /* FormView.swift in Sources */ = {isa = PBXBuildFile; fileRef = FA1F19962086EEC100F1E106 /* FormView.swift */; };
		FABBC44E208A7EDD00225B81 /* FormDelegate.swift in Sources */ = {isa = PBXBuildFile; fileRef = FABBC44D208A7EDD00225B81 /* FormDelegate.swift */; };
		FABBC452208A831900225B81 /* User.swift in Sources */ = {isa = PBXBuildFile; fileRef = FABBC451208A831900225B81 /* User.swift */; };
		FAF6730920867E6C002D0FAE /* AppDelegate.swift in Sources */ = {isa = PBXBuildFile; fileRef = FAF6730820867E6C002D0FAE /* AppDelegate.swift */; };
		FAF6730B20867E6C002D0FAE /* OnboardingViewController.swift in Sources */ = {isa = PBXBuildFile; fileRef = FAF6730A20867E6C002D0FAE /* OnboardingViewController.swift */; };
		FAF6730E20867E6C002D0FAE /* Main.storyboard in Resources */ = {isa = PBXBuildFile; fileRef = FAF6730C20867E6C002D0FAE /* Main.storyboard */; };
		FAF6731120867E6C002D0FAE /* desafios.xcdatamodeld in Sources */ = {isa = PBXBuildFile; fileRef = FAF6730F20867E6C002D0FAE /* desafios.xcdatamodeld */; };
		FAF6731320867E6C002D0FAE /* Assets.xcassets in Resources */ = {isa = PBXBuildFile; fileRef = FAF6731220867E6C002D0FAE /* Assets.xcassets */; };
		FAF6731620867E6C002D0FAE /* LaunchScreen.storyboard in Resources */ = {isa = PBXBuildFile; fileRef = FAF6731420867E6C002D0FAE /* LaunchScreen.storyboard */; };
		FAF6732020868D10002D0FAE /* UserRequestAuthorizations.swift in Sources */ = {isa = PBXBuildFile; fileRef = FAF6731F20868D10002D0FAE /* UserRequestAuthorizations.swift */; };
		FAF6732220869268002D0FAE /* LoginViewController.swift in Sources */ = {isa = PBXBuildFile; fileRef = FAF6732120869268002D0FAE /* LoginViewController.swift */; };
		FAF67325208694F8002D0FAE /* BackgroungView.swift in Sources */ = {isa = PBXBuildFile; fileRef = FAF67324208694F8002D0FAE /* BackgroungView.swift */; };
		FAF673272086A9DB002D0FAE /* FormViewController.swift in Sources */ = {isa = PBXBuildFile; fileRef = FAF673262086A9DB002D0FAE /* FormViewController.swift */; };
/* End PBXBuildFile section */

/* Begin PBXFileReference section */
		FA1F19962086EEC100F1E106 /* FormView.swift */ = {isa = PBXFileReference; lastKnownFileType = sourcecode.swift; path = FormView.swift; sourceTree = "<group>"; };
		FABBC44D208A7EDD00225B81 /* FormDelegate.swift */ = {isa = PBXFileReference; lastKnownFileType = sourcecode.swift; path = FormDelegate.swift; sourceTree = "<group>"; };
		FABBC451208A831900225B81 /* User.swift */ = {isa = PBXFileReference; lastKnownFileType = sourcecode.swift; path = User.swift; sourceTree = "<group>"; };
		FAF6730520867E6C002D0FAE /* desafios.app */ = {isa = PBXFileReference; explicitFileType = wrapper.application; includeInIndex = 0; path = desafios.app; sourceTree = BUILT_PRODUCTS_DIR; };
		FAF6730820867E6C002D0FAE /* AppDelegate.swift */ = {isa = PBXFileReference; lastKnownFileType = sourcecode.swift; path = AppDelegate.swift; sourceTree = "<group>"; };
		FAF6730A20867E6C002D0FAE /* OnboardingViewController.swift */ = {isa = PBXFileReference; lastKnownFileType = sourcecode.swift; path = OnboardingViewController.swift; sourceTree = "<group>"; };
		FAF6730D20867E6C002D0FAE /* Base */ = {isa = PBXFileReference; lastKnownFileType = file.storyboard; name = Base; path = Base.lproj/Main.storyboard; sourceTree = "<group>"; };
		FAF6731020867E6C002D0FAE /* desafios.xcdatamodel */ = {isa = PBXFileReference; lastKnownFileType = wrapper.xcdatamodel; path = desafios.xcdatamodel; sourceTree = "<group>"; };
		FAF6731220867E6C002D0FAE /* Assets.xcassets */ = {isa = PBXFileReference; lastKnownFileType = folder.assetcatalog; path = Assets.xcassets; sourceTree = "<group>"; };
		FAF6731520867E6C002D0FAE /* Base */ = {isa = PBXFileReference; lastKnownFileType = file.storyboard; name = Base; path = Base.lproj/LaunchScreen.storyboard; sourceTree = "<group>"; };
		FAF6731720867E6C002D0FAE /* Info.plist */ = {isa = PBXFileReference; lastKnownFileType = text.plist.xml; path = Info.plist; sourceTree = "<group>"; };
		FAF6731F20868D10002D0FAE /* UserRequestAuthorizations.swift */ = {isa = PBXFileReference; lastKnownFileType = sourcecode.swift; path = UserRequestAuthorizations.swift; sourceTree = "<group>"; };
		FAF6732120869268002D0FAE /* LoginViewController.swift */ = {isa = PBXFileReference; lastKnownFileType = sourcecode.swift; path = LoginViewController.swift; sourceTree = "<group>"; };
		FAF67324208694F8002D0FAE /* BackgroungView.swift */ = {isa = PBXFileReference; lastKnownFileType = sourcecode.swift; path = BackgroungView.swift; sourceTree = "<group>"; };
		FAF673262086A9DB002D0FAE /* FormViewController.swift */ = {isa = PBXFileReference; lastKnownFileType = sourcecode.swift; path = FormViewController.swift; sourceTree = "<group>"; };
/* End PBXFileReference section */

/* Begin PBXFrameworksBuildPhase section */
		FAF6730220867E6C002D0FAE /* Frameworks */ = {
			isa = PBXFrameworksBuildPhase;
			buildActionMask = 2147483647;
			files = (
			);
			runOnlyForDeploymentPostprocessing = 0;
		};
/* End PBXFrameworksBuildPhase section */

/* Begin PBXGroup section */
		FABBC44F208A82EE00225B81 /* Delegates */ = {
			isa = PBXGroup;
			children = (
				FABBC44D208A7EDD00225B81 /* FormDelegate.swift */,
			);
			path = Delegates;
			sourceTree = "<group>";
		};
		FABBC450208A830600225B81 /* Models */ = {
			isa = PBXGroup;
			children = (
				FABBC451208A831900225B81 /* User.swift */,
			);
			path = Models;
			sourceTree = "<group>";
		};
		FAF672FC20867E6B002D0FAE = {
			isa = PBXGroup;
			children = (
				FAF6730720867E6C002D0FAE /* desafios */,
				FAF6730620867E6C002D0FAE /* Products */,
			);
			sourceTree = "<group>";
		};
		FAF6730620867E6C002D0FAE /* Products */ = {
			isa = PBXGroup;
			children = (
				FAF6730520867E6C002D0FAE /* desafios.app */,
			);
			name = Products;
			sourceTree = "<group>";
		};
		FAF6730720867E6C002D0FAE /* desafios */ = {
			isa = PBXGroup;
			children = (
				FAF6730820867E6C002D0FAE /* AppDelegate.swift */,
				FABBC450208A830600225B81 /* Models */,
				FABBC44F208A82EE00225B81 /* Delegates */,
				FAF6732320869462002D0FAE /* Views */,
				FAF6731E20868CC7002D0FAE /* Requests */,
				FAF6731D20868CB0002D0FAE /* Controllers */,
				FAF6730C20867E6C002D0FAE /* Main.storyboard */,
				FAF6731220867E6C002D0FAE /* Assets.xcassets */,
				FAF6731420867E6C002D0FAE /* LaunchScreen.storyboard */,
				FAF6731720867E6C002D0FAE /* Info.plist */,
				FAF6730F20867E6C002D0FAE /* desafios.xcdatamodeld */,
			);
			path = desafios;
			sourceTree = "<group>";
		};
		FAF6731D20868CB0002D0FAE /* Controllers */ = {
			isa = PBXGroup;
			children = (
				FAF6730A20867E6C002D0FAE /* OnboardingViewController.swift */,
				FAF6732120869268002D0FAE /* LoginViewController.swift */,
				FAF673262086A9DB002D0FAE /* FormViewController.swift */,
			);
			path = Controllers;
			sourceTree = "<group>";
		};
		FAF6731E20868CC7002D0FAE /* Requests */ = {
			isa = PBXGroup;
			children = (
				FAF6731F20868D10002D0FAE /* UserRequestAuthorizations.swift */,
			);
			path = Requests;
			sourceTree = "<group>";
		};
		FAF6732320869462002D0FAE /* Views */ = {
			isa = PBXGroup;
			children = (
				FAF67324208694F8002D0FAE /* BackgroungView.swift */,
				FA1F19962086EEC100F1E106 /* FormView.swift */,
			);
			path = Views;
			sourceTree = "<group>";
		};
/* End PBXGroup section */

/* Begin PBXNativeTarget section */
		FAF6730420867E6C002D0FAE /* desafios */ = {
			isa = PBXNativeTarget;
			buildConfigurationList = FAF6731A20867E6C002D0FAE /* Build configuration list for PBXNativeTarget "desafios" */;
			buildPhases = (
				FAF6730120867E6C002D0FAE /* Sources */,
				FAF6730220867E6C002D0FAE /* Frameworks */,
				FAF6730320867E6C002D0FAE /* Resources */,
			);
			buildRules = (
			);
			dependencies = (
			);
			name = desafios;
			productName = desafios;
			productReference = FAF6730520867E6C002D0FAE /* desafios.app */;
			productType = "com.apple.product-type.application";
		};
/* End PBXNativeTarget section */

/* Begin PBXProject section */
		FAF672FD20867E6B002D0FAE /* Project object */ = {
			isa = PBXProject;
			attributes = {
				LastSwiftUpdateCheck = 0930;
				LastUpgradeCheck = 0930;
				ORGANIZATIONNAME = "Pedro Emanuel";
				TargetAttributes = {
					FAF6730420867E6C002D0FAE = {
						CreatedOnToolsVersion = 9.3;
					};
				};
			};
			buildConfigurationList = FAF6730020867E6B002D0FAE /* Build configuration list for PBXProject "desafios" */;
			compatibilityVersion = "Xcode 9.3";
			developmentRegion = en;
			hasScannedForEncodings = 0;
			knownRegions = (
				en,
				Base,
			);
			mainGroup = FAF672FC20867E6B002D0FAE;
			productRefGroup = FAF6730620867E6C002D0FAE /* Products */;
			projectDirPath = "";
			projectRoot = "";
			targets = (
				FAF6730420867E6C002D0FAE /* desafios */,
			);
		};
/* End PBXProject section */

/* Begin PBXResourcesBuildPhase section */
		FAF6730320867E6C002D0FAE /* Resources */ = {
			isa = PBXResourcesBuildPhase;
			buildActionMask = 2147483647;
			files = (
				FAF6731620867E6C002D0FAE /* LaunchScreen.storyboard in Resources */,
				FAF6731320867E6C002D0FAE /* Assets.xcassets in Resources */,
				FAF6730E20867E6C002D0FAE /* Main.storyboard in Resources */,
			);
			runOnlyForDeploymentPostprocessing = 0;
		};
/* End PBXResourcesBuildPhase section */

/* Begin PBXSourcesBuildPhase section */
		FAF6730120867E6C002D0FAE /* Sources */ = {
			isa = PBXSourcesBuildPhase;
			buildActionMask = 2147483647;
			files = (
				FAF6730B20867E6C002D0FAE /* OnboardingViewController.swift in Sources */,
				FAF673272086A9DB002D0FAE /* FormViewController.swift in Sources */,
				FAF6730920867E6C002D0FAE /* AppDelegate.swift in Sources */,
				FAF6732020868D10002D0FAE /* UserRequestAuthorizations.swift in Sources */,
				FAF6732220869268002D0FAE /* LoginViewController.swift in Sources */,
				FA1F19972086EEC100F1E106 /* FormView.swift in Sources */,
				FAF6731120867E6C002D0FAE /* desafios.xcdatamodeld in Sources */,
				FABBC44E208A7EDD00225B81 /* FormDelegate.swift in Sources */,
				FABBC452208A831900225B81 /* User.swift in Sources */,
				FAF67325208694F8002D0FAE /* BackgroungView.swift in Sources */,
			);
			runOnlyForDeploymentPostprocessing = 0;
		};
/* End PBXSourcesBuildPhase section */

/* Begin PBXVariantGroup section */
		FAF6730C20867E6C002D0FAE /* Main.storyboard */ = {
			isa = PBXVariantGroup;
			children = (
				FAF6730D20867E6C002D0FAE /* Base */,
			);
			name = Main.storyboard;
			sourceTree = "<group>";
		};
		FAF6731420867E6C002D0FAE /* LaunchScreen.storyboard */ = {
			isa = PBXVariantGroup;
			children = (
				FAF6731520867E6C002D0FAE /* Base */,
			);
			name = LaunchScreen.storyboard;
			sourceTree = "<group>";
		};
/* End PBXVariantGroup section */

/* Begin XCBuildConfiguration section */
		FAF6731820867E6C002D0FAE /* Debug */ = {
			isa = XCBuildConfiguration;
			buildSettings = {
				ALWAYS_SEARCH_USER_PATHS = NO;
				CLANG_ANALYZER_NONNULL = YES;
				CLANG_ANALYZER_NUMBER_OBJECT_CONVERSION = YES_AGGRESSIVE;
				CLANG_CXX_LANGUAGE_STANDARD = "gnu++14";
				CLANG_CXX_LIBRARY = "libc++";
				CLANG_ENABLE_MODULES = YES;
				CLANG_ENABLE_OBJC_ARC = YES;
				CLANG_ENABLE_OBJC_WEAK = YES;
				CLANG_WARN_BLOCK_CAPTURE_AUTORELEASING = YES;
				CLANG_WARN_BOOL_CONVERSION = YES;
				CLANG_WARN_COMMA = YES;
				CLANG_WARN_CONSTANT_CONVERSION = YES;
				CLANG_WARN_DEPRECATED_OBJC_IMPLEMENTATIONS = YES;
				CLANG_WARN_DIRECT_OBJC_ISA_USAGE = YES_ERROR;
				CLANG_WARN_DOCUMENTATION_COMMENTS = YES;
				CLANG_WARN_EMPTY_BODY = YES;
				CLANG_WARN_ENUM_CONVERSION = YES;
				CLANG_WARN_INFINITE_RECURSION = YES;
				CLANG_WARN_INT_CONVERSION = YES;
				CLANG_WARN_NON_LITERAL_NULL_CONVERSION = YES;
				CLANG_WARN_OBJC_IMPLICIT_RETAIN_SELF = YES;
				CLANG_WARN_OBJC_LITERAL_CONVERSION = YES;
				CLANG_WARN_OBJC_ROOT_CLASS = YES_ERROR;
				CLANG_WARN_RANGE_LOOP_ANALYSIS = YES;
				CLANG_WARN_STRICT_PROTOTYPES = YES;
				CLANG_WARN_SUSPICIOUS_MOVE = YES;
				CLANG_WARN_UNGUARDED_AVAILABILITY = YES_AGGRESSIVE;
				CLANG_WARN_UNREACHABLE_CODE = YES;
				CLANG_WARN__DUPLICATE_METHOD_MATCH = YES;
				CODE_SIGN_IDENTITY = "iPhone Developer";
				COPY_PHASE_STRIP = NO;
				DEBUG_INFORMATION_FORMAT = dwarf;
				ENABLE_STRICT_OBJC_MSGSEND = YES;
				ENABLE_TESTABILITY = YES;
				GCC_C_LANGUAGE_STANDARD = gnu11;
				GCC_DYNAMIC_NO_PIC = NO;
				GCC_NO_COMMON_BLOCKS = YES;
				GCC_OPTIMIZATION_LEVEL = 0;
				GCC_PREPROCESSOR_DEFINITIONS = (
					"DEBUG=1",
					"$(inherited)",
				);
				GCC_WARN_64_TO_32_BIT_CONVERSION = YES;
				GCC_WARN_ABOUT_RETURN_TYPE = YES_ERROR;
				GCC_WARN_UNDECLARED_SELECTOR = YES;
				GCC_WARN_UNINITIALIZED_AUTOS = YES_AGGRESSIVE;
				GCC_WARN_UNUSED_FUNCTION = YES;
				GCC_WARN_UNUSED_VARIABLE = YES;
				IPHONEOS_DEPLOYMENT_TARGET = 11.3;
				MTL_ENABLE_DEBUG_INFO = YES;
				ONLY_ACTIVE_ARCH = YES;
				SDKROOT = iphoneos;
				SWIFT_ACTIVE_COMPILATION_CONDITIONS = DEBUG;
				SWIFT_OPTIMIZATION_LEVEL = "-Onone";
			};
			name = Debug;
		};
		FAF6731920867E6C002D0FAE /* Release */ = {
			isa = XCBuildConfiguration;
			buildSettings = {
				ALWAYS_SEARCH_USER_PATHS = NO;
				CLANG_ANALYZER_NONNULL = YES;
				CLANG_ANALYZER_NUMBER_OBJECT_CONVERSION = YES_AGGRESSIVE;
				CLANG_CXX_LANGUAGE_STANDARD = "gnu++14";
				CLANG_CXX_LIBRARY = "libc++";
				CLANG_ENABLE_MODULES = YES;
				CLANG_ENABLE_OBJC_ARC = YES;
				CLANG_ENABLE_OBJC_WEAK = YES;
				CLANG_WARN_BLOCK_CAPTURE_AUTORELEASING = YES;
				CLANG_WARN_BOOL_CONVERSION = YES;
				CLANG_WARN_COMMA = YES;
				CLANG_WARN_CONSTANT_CONVERSION = YES;
				CLANG_WARN_DEPRECATED_OBJC_IMPLEMENTATIONS = YES;
				CLANG_WARN_DIRECT_OBJC_ISA_USAGE = YES_ERROR;
				CLANG_WARN_DOCUMENTATION_COMMENTS = YES;
				CLANG_WARN_EMPTY_BODY = YES;
				CLANG_WARN_ENUM_CONVERSION = YES;
				CLANG_WARN_INFINITE_RECURSION = YES;
				CLANG_WARN_INT_CONVERSION = YES;
				CLANG_WARN_NON_LITERAL_NULL_CONVERSION = YES;
				CLANG_WARN_OBJC_IMPLICIT_RETAIN_SELF = YES;
				CLANG_WARN_OBJC_LITERAL_CONVERSION = YES;
				CLANG_WARN_OBJC_ROOT_CLASS = YES_ERROR;
				CLANG_WARN_RANGE_LOOP_ANALYSIS = YES;
				CLANG_WARN_STRICT_PROTOTYPES = YES;
				CLANG_WARN_SUSPICIOUS_MOVE = YES;
				CLANG_WARN_UNGUARDED_AVAILABILITY = YES_AGGRESSIVE;
				CLANG_WARN_UNREACHABLE_CODE = YES;
				CLANG_WARN__DUPLICATE_METHOD_MATCH = YES;
				CODE_SIGN_IDENTITY = "iPhone Developer";
				COPY_PHASE_STRIP = NO;
				DEBUG_INFORMATION_FORMAT = "dwarf-with-dsym";
				ENABLE_NS_ASSERTIONS = NO;
				ENABLE_STRICT_OBJC_MSGSEND = YES;
				GCC_C_LANGUAGE_STANDARD = gnu11;
				GCC_NO_COMMON_BLOCKS = YES;
				GCC_WARN_64_TO_32_BIT_CONVERSION = YES;
				GCC_WARN_ABOUT_RETURN_TYPE = YES_ERROR;
				GCC_WARN_UNDECLARED_SELECTOR = YES;
				GCC_WARN_UNINITIALIZED_AUTOS = YES_AGGRESSIVE;
				GCC_WARN_UNUSED_FUNCTION = YES;
				GCC_WARN_UNUSED_VARIABLE = YES;
				IPHONEOS_DEPLOYMENT_TARGET = 11.3;
				MTL_ENABLE_DEBUG_INFO = NO;
				SDKROOT = iphoneos;
				SWIFT_COMPILATION_MODE = wholemodule;
				SWIFT_OPTIMIZATION_LEVEL = "-O";
				VALIDATE_PRODUCT = YES;
			};
			name = Release;
		};
		FAF6731B20867E6C002D0FAE /* Debug */ = {
			isa = XCBuildConfiguration;
			buildSettings = {
				ASSETCATALOG_COMPILER_APPICON_NAME = AppIcon;
				CODE_SIGN_STYLE = Automatic;
				DEVELOPMENT_TEAM = WEP9UKL7GT;
				INFOPLIST_FILE = desafios/Info.plist;
				LD_RUNPATH_SEARCH_PATHS = (
					"$(inherited)",
					"@executable_path/Frameworks",
				);
				PRODUCT_BUNDLE_IDENTIFIER = pedro.emanuel.desafios;
				PRODUCT_NAME = "$(TARGET_NAME)";
				SWIFT_VERSION = 4.0;
				TARGETED_DEVICE_FAMILY = "1,2";
			};
			name = Debug;
		};
		FAF6731C20867E6C002D0FAE /* Release */ = {
			isa = XCBuildConfiguration;
			buildSettings = {
				ASSETCATALOG_COMPILER_APPICON_NAME = AppIcon;
				CODE_SIGN_STYLE = Automatic;
				DEVELOPMENT_TEAM = WEP9UKL7GT;
				INFOPLIST_FILE = desafios/Info.plist;
				LD_RUNPATH_SEARCH_PATHS = (
					"$(inherited)",
					"@executable_path/Frameworks",
				);
				PRODUCT_BUNDLE_IDENTIFIER = pedro.emanuel.desafios;
				PRODUCT_NAME = "$(TARGET_NAME)";
				SWIFT_VERSION = 4.0;
				TARGETED_DEVICE_FAMILY = "1,2";
			};
			name = Release;
		};
/* End XCBuildConfiguration section */

/* Begin XCConfigurationList section */
		FAF6730020867E6B002D0FAE /* Build configuration list for PBXProject "desafios" */ = {
			isa = XCConfigurationList;
			buildConfigurations = (
				FAF6731820867E6C002D0FAE /* Debug */,
				FAF6731920867E6C002D0FAE /* Release */,
			);
			defaultConfigurationIsVisible = 0;
			defaultConfigurationName = Release;
		};
		FAF6731A20867E6C002D0FAE /* Build configuration list for PBXNativeTarget "desafios" */ = {
			isa = XCConfigurationList;
			buildConfigurations = (
				FAF6731B20867E6C002D0FAE /* Debug */,
				FAF6731C20867E6C002D0FAE /* Release */,
			);
			defaultConfigurationIsVisible = 0;
			defaultConfigurationName = Release;
		};
/* End XCConfigurationList section */

/* Begin XCVersionGroup section */
		FAF6730F20867E6C002D0FAE /* desafios.xcdatamodeld */ = {
			isa = XCVersionGroup;
			children = (
				FAF6731020867E6C002D0FAE /* desafios.xcdatamodel */,
			);
			currentVersion = FAF6731020867E6C002D0FAE /* desafios.xcdatamodel */;
			path = desafios.xcdatamodeld;
			sourceTree = "<group>";
			versionGroupType = wrapper.xcdatamodel;
		};
/* End XCVersionGroup section */
	};
	rootObject = FAF672FD20867E6B002D0FAE /* Project object */;
}
